// !$*UTF8*$!
{
	archiveVersion = 1;
	classes = {
	};
	objectVersion = 56;
	objects = {

/* Begin PBXBuildFile section */
		E876E25429B3AFE4007F559C /* AppDelegate.swift in Sources */ = {isa = PBXBuildFile; fileRef = E876E25329B3AFE4007F559C /* AppDelegate.swift */; };
		E876E25629B3AFE4007F559C /* SceneDelegate.swift in Sources */ = {isa = PBXBuildFile; fileRef = E876E25529B3AFE4007F559C /* SceneDelegate.swift */; };
		E876E25B29B3AFE4007F559C /* Main.storyboard in Resources */ = {isa = PBXBuildFile; fileRef = E876E25929B3AFE4007F559C /* Main.storyboard */; };
		E876E25D29B3AFE6007F559C /* Assets.xcassets in Resources */ = {isa = PBXBuildFile; fileRef = E876E25C29B3AFE6007F559C /* Assets.xcassets */; };
		E876E26029B3AFE6007F559C /* LaunchScreen.storyboard in Resources */ = {isa = PBXBuildFile; fileRef = E876E25E29B3AFE6007F559C /* LaunchScreen.storyboard */; };
		E876E26B29B3AFE6007F559C /* FlickrBrowserTests.swift in Sources */ = {isa = PBXBuildFile; fileRef = E876E26A29B3AFE6007F559C /* FlickrBrowserTests.swift */; };
		E876E28429B3B293007F559C /* RemoteClient.swift in Sources */ = {isa = PBXBuildFile; fileRef = E876E28329B3B293007F559C /* RemoteClient.swift */; };
		E89CB20629B53ED900EA4D3E /* FlickrSearchPhotosResponse.swift in Sources */ = {isa = PBXBuildFile; fileRef = E89CB20529B53ED900EA4D3E /* FlickrSearchPhotosResponse.swift */; };
		E89CB20829B53EFC00EA4D3E /* FlickrPhoto.swift in Sources */ = {isa = PBXBuildFile; fileRef = E89CB20729B53EFC00EA4D3E /* FlickrPhoto.swift */; };
		E89CB20D29B5478500EA4D3E /* FlickrEndPoint.swift in Sources */ = {isa = PBXBuildFile; fileRef = E89CB20C29B5478500EA4D3E /* FlickrEndPoint.swift */; };
		E89CB21029B547AD00EA4D3E /* FlickerEndpoint+PhotoSearch.swift in Sources */ = {isa = PBXBuildFile; fileRef = E89CB20F29B547AD00EA4D3E /* FlickerEndpoint+PhotoSearch.swift */; };
		E89CB21229B562B500EA4D3E /* Endpoint.swift in Sources */ = {isa = PBXBuildFile; fileRef = E89CB21129B562B500EA4D3E /* Endpoint.swift */; };
		E89CB21429B5767600EA4D3E /* BaseURLComponents.swift in Sources */ = {isa = PBXBuildFile; fileRef = E89CB21329B5767600EA4D3E /* BaseURLComponents.swift */; };
		E89CB21629B5794D00EA4D3E /* EndpointTests.swift in Sources */ = {isa = PBXBuildFile; fileRef = E89CB21529B5794D00EA4D3E /* EndpointTests.swift */; };
		E89CB21C29B57FB600EA4D3E /* PhotoSearchViewController.swift in Sources */ = {isa = PBXBuildFile; fileRef = E89CB21B29B57FB600EA4D3E /* PhotoSearchViewController.swift */; };
		E89CB21E29B57FD100EA4D3E /* PhotoSearchViewModel.swift in Sources */ = {isa = PBXBuildFile; fileRef = E89CB21D29B57FD100EA4D3E /* PhotoSearchViewModel.swift */; };
		E89CB22129B5800900EA4D3E /* PhotoListItem.swift in Sources */ = {isa = PBXBuildFile; fileRef = E89CB22029B5800900EA4D3E /* PhotoListItem.swift */; };
		E89CB22329B586DF00EA4D3E /* SearchPhotoUseCase.swift in Sources */ = {isa = PBXBuildFile; fileRef = E89CB22229B586DF00EA4D3E /* SearchPhotoUseCase.swift */; };
		E89CB22529B6A3F400EA4D3E /* MainCoordinator.swift in Sources */ = {isa = PBXBuildFile; fileRef = E89CB22429B6A3F400EA4D3E /* MainCoordinator.swift */; };
		E89CB22A29B6AA5900EA4D3E /* PhotoItemCollectionViewCell.swift in Sources */ = {isa = PBXBuildFile; fileRef = E89CB22929B6AA5900EA4D3E /* PhotoItemCollectionViewCell.swift */; };
		E89CB22C29B6AB1400EA4D3E /* PhotoItemCellViewModel.swift in Sources */ = {isa = PBXBuildFile; fileRef = E89CB22B29B6AB1400EA4D3E /* PhotoItemCellViewModel.swift */; };
/* End PBXBuildFile section */

/* Begin PBXContainerItemProxy section */
		E876E26729B3AFE6007F559C /* PBXContainerItemProxy */ = {
			isa = PBXContainerItemProxy;
			containerPortal = E876E24829B3AFE4007F559C /* Project object */;
			proxyType = 1;
			remoteGlobalIDString = E876E24F29B3AFE4007F559C;
			remoteInfo = FlickrBrowser;
		};
/* End PBXContainerItemProxy section */

/* Begin PBXFileReference section */
		E876E25029B3AFE4007F559C /* FlickrBrowser.app */ = {isa = PBXFileReference; explicitFileType = wrapper.application; includeInIndex = 0; path = FlickrBrowser.app; sourceTree = BUILT_PRODUCTS_DIR; };
		E876E25329B3AFE4007F559C /* AppDelegate.swift */ = {isa = PBXFileReference; lastKnownFileType = sourcecode.swift; path = AppDelegate.swift; sourceTree = "<group>"; };
		E876E25529B3AFE4007F559C /* SceneDelegate.swift */ = {isa = PBXFileReference; lastKnownFileType = sourcecode.swift; path = SceneDelegate.swift; sourceTree = "<group>"; };
		E876E25A29B3AFE4007F559C /* Base */ = {isa = PBXFileReference; lastKnownFileType = file.storyboard; name = Base; path = Base.lproj/Main.storyboard; sourceTree = "<group>"; };
		E876E25C29B3AFE6007F559C /* Assets.xcassets */ = {isa = PBXFileReference; lastKnownFileType = folder.assetcatalog; path = Assets.xcassets; sourceTree = "<group>"; };
		E876E25F29B3AFE6007F559C /* Base */ = {isa = PBXFileReference; lastKnownFileType = file.storyboard; name = Base; path = Base.lproj/LaunchScreen.storyboard; sourceTree = "<group>"; };
		E876E26129B3AFE6007F559C /* Info.plist */ = {isa = PBXFileReference; lastKnownFileType = text.plist.xml; path = Info.plist; sourceTree = "<group>"; };
		E876E26629B3AFE6007F559C /* FlickrBrowserTests.xctest */ = {isa = PBXFileReference; explicitFileType = wrapper.cfbundle; includeInIndex = 0; path = FlickrBrowserTests.xctest; sourceTree = BUILT_PRODUCTS_DIR; };
		E876E26A29B3AFE6007F559C /* FlickrBrowserTests.swift */ = {isa = PBXFileReference; lastKnownFileType = sourcecode.swift; path = FlickrBrowserTests.swift; sourceTree = "<group>"; };
		E876E28329B3B293007F559C /* RemoteClient.swift */ = {isa = PBXFileReference; lastKnownFileType = sourcecode.swift; path = RemoteClient.swift; sourceTree = "<group>"; };
		E89CB20529B53ED900EA4D3E /* FlickrSearchPhotosResponse.swift */ = {isa = PBXFileReference; lastKnownFileType = sourcecode.swift; path = FlickrSearchPhotosResponse.swift; sourceTree = "<group>"; };
		E89CB20729B53EFC00EA4D3E /* FlickrPhoto.swift */ = {isa = PBXFileReference; lastKnownFileType = sourcecode.swift; path = FlickrPhoto.swift; sourceTree = "<group>"; };
		E89CB20C29B5478500EA4D3E /* FlickrEndPoint.swift */ = {isa = PBXFileReference; lastKnownFileType = sourcecode.swift; path = FlickrEndPoint.swift; sourceTree = "<group>"; };
		E89CB20F29B547AD00EA4D3E /* FlickerEndpoint+PhotoSearch.swift */ = {isa = PBXFileReference; lastKnownFileType = sourcecode.swift; path = "FlickerEndpoint+PhotoSearch.swift"; sourceTree = "<group>"; };
		E89CB21129B562B500EA4D3E /* Endpoint.swift */ = {isa = PBXFileReference; lastKnownFileType = sourcecode.swift; path = Endpoint.swift; sourceTree = "<group>"; };
		E89CB21329B5767600EA4D3E /* BaseURLComponents.swift */ = {isa = PBXFileReference; lastKnownFileType = sourcecode.swift; path = BaseURLComponents.swift; sourceTree = "<group>"; };
		E89CB21529B5794D00EA4D3E /* EndpointTests.swift */ = {isa = PBXFileReference; lastKnownFileType = sourcecode.swift; path = EndpointTests.swift; sourceTree = "<group>"; };
		E89CB21B29B57FB600EA4D3E /* PhotoSearchViewController.swift */ = {isa = PBXFileReference; lastKnownFileType = sourcecode.swift; path = PhotoSearchViewController.swift; sourceTree = "<group>"; };
		E89CB21D29B57FD100EA4D3E /* PhotoSearchViewModel.swift */ = {isa = PBXFileReference; lastKnownFileType = sourcecode.swift; path = PhotoSearchViewModel.swift; sourceTree = "<group>"; };
		E89CB22029B5800900EA4D3E /* PhotoListItem.swift */ = {isa = PBXFileReference; lastKnownFileType = sourcecode.swift; path = PhotoListItem.swift; sourceTree = "<group>"; };
		E89CB22229B586DF00EA4D3E /* SearchPhotoUseCase.swift */ = {isa = PBXFileReference; lastKnownFileType = sourcecode.swift; path = SearchPhotoUseCase.swift; sourceTree = "<group>"; };
		E89CB22429B6A3F400EA4D3E /* MainCoordinator.swift */ = {isa = PBXFileReference; lastKnownFileType = sourcecode.swift; path = MainCoordinator.swift; sourceTree = "<group>"; };
		E89CB22929B6AA5900EA4D3E /* PhotoItemCollectionViewCell.swift */ = {isa = PBXFileReference; lastKnownFileType = sourcecode.swift; path = PhotoItemCollectionViewCell.swift; sourceTree = "<group>"; };
		E89CB22B29B6AB1400EA4D3E /* PhotoItemCellViewModel.swift */ = {isa = PBXFileReference; lastKnownFileType = sourcecode.swift; path = PhotoItemCellViewModel.swift; sourceTree = "<group>"; };
/* End PBXFileReference section */

/* Begin PBXFrameworksBuildPhase section */
		E876E24D29B3AFE4007F559C /* Frameworks */ = {
			isa = PBXFrameworksBuildPhase;
			buildActionMask = 2147483647;
			files = (
			);
			runOnlyForDeploymentPostprocessing = 0;
		};
		E876E26329B3AFE6007F559C /* Frameworks */ = {
			isa = PBXFrameworksBuildPhase;
			buildActionMask = 2147483647;
			files = (
			);
			runOnlyForDeploymentPostprocessing = 0;
		};
/* End PBXFrameworksBuildPhase section */

/* Begin PBXGroup section */
		E876E24729B3AFE4007F559C = {
			isa = PBXGroup;
			children = (
				E876E25229B3AFE4007F559C /* FlickrBrowser */,
				E876E26929B3AFE6007F559C /* FlickrBrowserTests */,
				E876E25129B3AFE4007F559C /* Products */,
			);
			sourceTree = "<group>";
		};
		E876E25129B3AFE4007F559C /* Products */ = {
			isa = PBXGroup;
			children = (
				E876E25029B3AFE4007F559C /* FlickrBrowser.app */,
				E876E26629B3AFE6007F559C /* FlickrBrowserTests.xctest */,
			);
			name = Products;
			sourceTree = "<group>";
		};
		E876E25229B3AFE4007F559C /* FlickrBrowser */ = {
			isa = PBXGroup;
			children = (
				E876E25329B3AFE4007F559C /* AppDelegate.swift */,
				E876E25529B3AFE4007F559C /* SceneDelegate.swift */,
				E89CB22729B6A79F00EA4D3E /* UseCases */,
				E89CB21929B57F8C00EA4D3E /* Scenes */,
				E89CB21729B57DCE00EA4D3E /* Networking */,
				E876E25929B3AFE4007F559C /* Main.storyboard */,
				E876E25C29B3AFE6007F559C /* Assets.xcassets */,
				E876E25E29B3AFE6007F559C /* LaunchScreen.storyboard */,
				E876E26129B3AFE6007F559C /* Info.plist */,
			);
			path = FlickrBrowser;
			sourceTree = "<group>";
		};
		E876E26929B3AFE6007F559C /* FlickrBrowserTests */ = {
			isa = PBXGroup;
			children = (
				E876E26A29B3AFE6007F559C /* FlickrBrowserTests.swift */,
				E89CB21529B5794D00EA4D3E /* EndpointTests.swift */,
			);
			path = FlickrBrowserTests;
			sourceTree = "<group>";
		};
		E89CB20929B540F300EA4D3E /* RemoteClient */ = {
			isa = PBXGroup;
			children = (
				E876E28329B3B293007F559C /* RemoteClient.swift */,
				E89CB20A29B5475B00EA4D3E /* Endpoint */,
			);
			name = RemoteClient;
			sourceTree = "<group>";
		};
		E89CB20A29B5475B00EA4D3E /* Endpoint */ = {
			isa = PBXGroup;
			children = (
				E89CB21129B562B500EA4D3E /* Endpoint.swift */,
				E89CB21329B5767600EA4D3E /* BaseURLComponents.swift */,
				E89CB20B29B5476B00EA4D3E /* Flickr */,
			);
			name = Endpoint;
			sourceTree = "<group>";
		};
		E89CB20B29B5476B00EA4D3E /* Flickr */ = {
			isa = PBXGroup;
			children = (
				E89CB20C29B5478500EA4D3E /* FlickrEndPoint.swift */,
				E89CB20E29B5479600EA4D3E /* Methods */,
			);
			name = Flickr;
			sourceTree = "<group>";
		};
		E89CB20E29B5479600EA4D3E /* Methods */ = {
			isa = PBXGroup;
			children = (
				E89CB20F29B547AD00EA4D3E /* FlickerEndpoint+PhotoSearch.swift */,
			);
			name = Methods;
			sourceTree = "<group>";
		};
		E89CB21729B57DCE00EA4D3E /* Networking */ = {
			isa = PBXGroup;
			children = (
				E89CB20929B540F300EA4D3E /* RemoteClient */,
				E89CB21829B57DDB00EA4D3E /* Models */,
			);
			name = Networking;
			sourceTree = "<group>";
		};
		E89CB21829B57DDB00EA4D3E /* Models */ = {
			isa = PBXGroup;
			children = (
				E89CB20529B53ED900EA4D3E /* FlickrSearchPhotosResponse.swift */,
				E89CB20729B53EFC00EA4D3E /* FlickrPhoto.swift */,
			);
			name = Models;
			sourceTree = "<group>";
		};
		E89CB21929B57F8C00EA4D3E /* Scenes */ = {
			isa = PBXGroup;
			children = (
				E89CB22629B6A6F300EA4D3E /* Coordinator */,
				E89CB21A29B57F9400EA4D3E /* PhotoSearch */,
			);
			name = Scenes;
			sourceTree = "<group>";
		};
		E89CB21A29B57F9400EA4D3E /* PhotoSearch */ = {
			isa = PBXGroup;
			children = (
				E89CB21F29B57FF300EA4D3E /* DataModel */,
				E89CB21B29B57FB600EA4D3E /* PhotoSearchViewController.swift */,
				E89CB22829B6AA4100EA4D3E /* Cell */,
				E89CB21D29B57FD100EA4D3E /* PhotoSearchViewModel.swift */,
			);
			name = PhotoSearch;
			sourceTree = "<group>";
		};
		E89CB21F29B57FF300EA4D3E /* DataModel */ = {
			isa = PBXGroup;
			children = (
				E89CB22029B5800900EA4D3E /* PhotoListItem.swift */,
			);
			name = DataModel;
			sourceTree = "<group>";
		};
		E89CB22629B6A6F300EA4D3E /* Coordinator */ = {
			isa = PBXGroup;
			children = (
				E89CB22429B6A3F400EA4D3E /* MainCoordinator.swift */,
			);
			name = Coordinator;
			sourceTree = "<group>";
		};
		E89CB22729B6A79F00EA4D3E /* UseCases */ = {
			isa = PBXGroup;
			children = (
				E89CB22229B586DF00EA4D3E /* SearchPhotoUseCase.swift */,
			);
			name = UseCases;
			sourceTree = "<group>";
		};
		E89CB22829B6AA4100EA4D3E /* Cell */ = {
			isa = PBXGroup;
			children = (
				E89CB22929B6AA5900EA4D3E /* PhotoItemCollectionViewCell.swift */,
				E89CB22B29B6AB1400EA4D3E /* PhotoItemCellViewModel.swift */,
			);
			name = Cell;
			sourceTree = "<group>";
		};
/* End PBXGroup section */

/* Begin PBXNativeTarget section */
		E876E24F29B3AFE4007F559C /* FlickrBrowser */ = {
			isa = PBXNativeTarget;
			buildConfigurationList = E876E27A29B3AFE6007F559C /* Build configuration list for PBXNativeTarget "FlickrBrowser" */;
			buildPhases = (
				E876E24C29B3AFE4007F559C /* Sources */,
				E876E24D29B3AFE4007F559C /* Frameworks */,
				E876E24E29B3AFE4007F559C /* Resources */,
			);
			buildRules = (
			);
			dependencies = (
			);
			name = FlickrBrowser;
			productName = FlickrBrowser;
			productReference = E876E25029B3AFE4007F559C /* FlickrBrowser.app */;
			productType = "com.apple.product-type.application";
		};
		E876E26529B3AFE6007F559C /* FlickrBrowserTests */ = {
			isa = PBXNativeTarget;
			buildConfigurationList = E876E27D29B3AFE6007F559C /* Build configuration list for PBXNativeTarget "FlickrBrowserTests" */;
			buildPhases = (
				E876E26229B3AFE6007F559C /* Sources */,
				E876E26329B3AFE6007F559C /* Frameworks */,
				E876E26429B3AFE6007F559C /* Resources */,
			);
			buildRules = (
			);
			dependencies = (
				E876E26829B3AFE6007F559C /* PBXTargetDependency */,
			);
			name = FlickrBrowserTests;
			productName = FlickrBrowserTests;
			productReference = E876E26629B3AFE6007F559C /* FlickrBrowserTests.xctest */;
			productType = "com.apple.product-type.bundle.unit-test";
		};
/* End PBXNativeTarget section */

/* Begin PBXProject section */
		E876E24829B3AFE4007F559C /* Project object */ = {
			isa = PBXProject;
			attributes = {
				BuildIndependentTargetsInParallel = 1;
				LastSwiftUpdateCheck = 1420;
				LastUpgradeCheck = 1420;
				TargetAttributes = {
					E876E24F29B3AFE4007F559C = {
						CreatedOnToolsVersion = 14.2;
					};
					E876E26529B3AFE6007F559C = {
						CreatedOnToolsVersion = 14.2;
						TestTargetID = E876E24F29B3AFE4007F559C;
					};
				};
			};
			buildConfigurationList = E876E24B29B3AFE4007F559C /* Build configuration list for PBXProject "FlickrBrowser" */;
			compatibilityVersion = "Xcode 14.0";
			developmentRegion = en;
			hasScannedForEncodings = 0;
			knownRegions = (
				en,
				Base,
			);
			mainGroup = E876E24729B3AFE4007F559C;
			productRefGroup = E876E25129B3AFE4007F559C /* Products */;
			projectDirPath = "";
			projectRoot = "";
			targets = (
				E876E24F29B3AFE4007F559C /* FlickrBrowser */,
				E876E26529B3AFE6007F559C /* FlickrBrowserTests */,
			);
		};
/* End PBXProject section */

/* Begin PBXResourcesBuildPhase section */
		E876E24E29B3AFE4007F559C /* Resources */ = {
			isa = PBXResourcesBuildPhase;
			buildActionMask = 2147483647;
			files = (
				E876E26029B3AFE6007F559C /* LaunchScreen.storyboard in Resources */,
				E876E25D29B3AFE6007F559C /* Assets.xcassets in Resources */,
				E876E25B29B3AFE4007F559C /* Main.storyboard in Resources */,
			);
			runOnlyForDeploymentPostprocessing = 0;
		};
		E876E26429B3AFE6007F559C /* Resources */ = {
			isa = PBXResourcesBuildPhase;
			buildActionMask = 2147483647;
			files = (
			);
			runOnlyForDeploymentPostprocessing = 0;
		};
/* End PBXResourcesBuildPhase section */

/* Begin PBXSourcesBuildPhase section */
		E876E24C29B3AFE4007F559C /* Sources */ = {
			isa = PBXSourcesBuildPhase;
			buildActionMask = 2147483647;
			files = (
				E89CB21429B5767600EA4D3E /* BaseURLComponents.swift in Sources */,
				E89CB21E29B57FD100EA4D3E /* PhotoSearchViewModel.swift in Sources */,
				E89CB21029B547AD00EA4D3E /* FlickerEndpoint+PhotoSearch.swift in Sources */,
				E89CB21229B562B500EA4D3E /* Endpoint.swift in Sources */,
				E89CB22329B586DF00EA4D3E /* SearchPhotoUseCase.swift in Sources */,
				E876E28429B3B293007F559C /* RemoteClient.swift in Sources */,
				E89CB20829B53EFC00EA4D3E /* FlickrPhoto.swift in Sources */,
				E89CB22A29B6AA5900EA4D3E /* PhotoItemCollectionViewCell.swift in Sources */,
				E89CB22129B5800900EA4D3E /* PhotoListItem.swift in Sources */,
				E89CB20629B53ED900EA4D3E /* FlickrSearchPhotosResponse.swift in Sources */,
				E89CB20D29B5478500EA4D3E /* FlickrEndPoint.swift in Sources */,
				E876E25429B3AFE4007F559C /* AppDelegate.swift in Sources */,
				E89CB22C29B6AB1400EA4D3E /* PhotoItemCellViewModel.swift in Sources */,
				E876E25629B3AFE4007F559C /* SceneDelegate.swift in Sources */,
				E89CB22529B6A3F400EA4D3E /* MainCoordinator.swift in Sources */,
				E89CB21C29B57FB600EA4D3E /* PhotoSearchViewController.swift in Sources */,
			);
			runOnlyForDeploymentPostprocessing = 0;
		};
		E876E26229B3AFE6007F559C /* Sources */ = {
			isa = PBXSourcesBuildPhase;
			buildActionMask = 2147483647;
			files = (
				E89CB21629B5794D00EA4D3E /* EndpointTests.swift in Sources */,
				E876E26B29B3AFE6007F559C /* FlickrBrowserTests.swift in Sources */,
			);
			runOnlyForDeploymentPostprocessing = 0;
		};
/* End PBXSourcesBuildPhase section */

/* Begin PBXTargetDependency section */
		E876E26829B3AFE6007F559C /* PBXTargetDependency */ = {
			isa = PBXTargetDependency;
			target = E876E24F29B3AFE4007F559C /* FlickrBrowser */;
			targetProxy = E876E26729B3AFE6007F559C /* PBXContainerItemProxy */;
		};
/* End PBXTargetDependency section */

/* Begin PBXVariantGroup section */
		E876E25929B3AFE4007F559C /* Main.storyboard */ = {
			isa = PBXVariantGroup;
			children = (
				E876E25A29B3AFE4007F559C /* Base */,
			);
			name = Main.storyboard;
			sourceTree = "<group>";
		};
		E876E25E29B3AFE6007F559C /* LaunchScreen.storyboard */ = {
			isa = PBXVariantGroup;
			children = (
				E876E25F29B3AFE6007F559C /* Base */,
			);
			name = LaunchScreen.storyboard;
			sourceTree = "<group>";
		};
/* End PBXVariantGroup section */

/* Begin XCBuildConfiguration section */
		E876E27829B3AFE6007F559C /* Debug */ = {
			isa = XCBuildConfiguration;
			buildSettings = {
				ALWAYS_SEARCH_USER_PATHS = NO;
				CLANG_ANALYZER_NONNULL = YES;
				CLANG_ANALYZER_NUMBER_OBJECT_CONVERSION = YES_AGGRESSIVE;
				CLANG_CXX_LANGUAGE_STANDARD = "gnu++20";
				CLANG_ENABLE_MODULES = YES;
				CLANG_ENABLE_OBJC_ARC = YES;
				CLANG_ENABLE_OBJC_WEAK = YES;
				CLANG_WARN_BLOCK_CAPTURE_AUTORELEASING = YES;
				CLANG_WARN_BOOL_CONVERSION = YES;
				CLANG_WARN_COMMA = YES;
				CLANG_WARN_CONSTANT_CONVERSION = YES;
				CLANG_WARN_DEPRECATED_OBJC_IMPLEMENTATIONS = YES;
				CLANG_WARN_DIRECT_OBJC_ISA_USAGE = YES_ERROR;
				CLANG_WARN_DOCUMENTATION_COMMENTS = YES;
				CLANG_WARN_EMPTY_BODY = YES;
				CLANG_WARN_ENUM_CONVERSION = YES;
				CLANG_WARN_INFINITE_RECURSION = YES;
				CLANG_WARN_INT_CONVERSION = YES;
				CLANG_WARN_NON_LITERAL_NULL_CONVERSION = YES;
				CLANG_WARN_OBJC_IMPLICIT_RETAIN_SELF = YES;
				CLANG_WARN_OBJC_LITERAL_CONVERSION = YES;
				CLANG_WARN_OBJC_ROOT_CLASS = YES_ERROR;
				CLANG_WARN_QUOTED_INCLUDE_IN_FRAMEWORK_HEADER = YES;
				CLANG_WARN_RANGE_LOOP_ANALYSIS = YES;
				CLANG_WARN_STRICT_PROTOTYPES = YES;
				CLANG_WARN_SUSPICIOUS_MOVE = YES;
				CLANG_WARN_UNGUARDED_AVAILABILITY = YES_AGGRESSIVE;
				CLANG_WARN_UNREACHABLE_CODE = YES;
				CLANG_WARN__DUPLICATE_METHOD_MATCH = YES;
				COPY_PHASE_STRIP = NO;
				DEBUG_INFORMATION_FORMAT = dwarf;
				ENABLE_STRICT_OBJC_MSGSEND = YES;
				ENABLE_TESTABILITY = YES;
				GCC_C_LANGUAGE_STANDARD = gnu11;
				GCC_DYNAMIC_NO_PIC = NO;
				GCC_NO_COMMON_BLOCKS = YES;
				GCC_OPTIMIZATION_LEVEL = 0;
				GCC_PREPROCESSOR_DEFINITIONS = (
					"DEBUG=1",
					"$(inherited)",
				);
				GCC_WARN_64_TO_32_BIT_CONVERSION = YES;
				GCC_WARN_ABOUT_RETURN_TYPE = YES_ERROR;
				GCC_WARN_UNDECLARED_SELECTOR = YES;
				GCC_WARN_UNINITIALIZED_AUTOS = YES_AGGRESSIVE;
				GCC_WARN_UNUSED_FUNCTION = YES;
				GCC_WARN_UNUSED_VARIABLE = YES;
				IPHONEOS_DEPLOYMENT_TARGET = 16.2;
				MTL_ENABLE_DEBUG_INFO = INCLUDE_SOURCE;
				MTL_FAST_MATH = YES;
				ONLY_ACTIVE_ARCH = YES;
				SDKROOT = iphoneos;
				SWIFT_ACTIVE_COMPILATION_CONDITIONS = DEBUG;
				SWIFT_OPTIMIZATION_LEVEL = "-Onone";
			};
			name = Debug;
		};
		E876E27929B3AFE6007F559C /* Release */ = {
			isa = XCBuildConfiguration;
			buildSettings = {
				ALWAYS_SEARCH_USER_PATHS = NO;
				CLANG_ANALYZER_NONNULL = YES;
				CLANG_ANALYZER_NUMBER_OBJECT_CONVERSION = YES_AGGRESSIVE;
				CLANG_CXX_LANGUAGE_STANDARD = "gnu++20";
				CLANG_ENABLE_MODULES = YES;
				CLANG_ENABLE_OBJC_ARC = YES;
				CLANG_ENABLE_OBJC_WEAK = YES;
				CLANG_WARN_BLOCK_CAPTURE_AUTORELEASING = YES;
				CLANG_WARN_BOOL_CONVERSION = YES;
				CLANG_WARN_COMMA = YES;
				CLANG_WARN_CONSTANT_CONVERSION = YES;
				CLANG_WARN_DEPRECATED_OBJC_IMPLEMENTATIONS = YES;
				CLANG_WARN_DIRECT_OBJC_ISA_USAGE = YES_ERROR;
				CLANG_WARN_DOCUMENTATION_COMMENTS = YES;
				CLANG_WARN_EMPTY_BODY = YES;
				CLANG_WARN_ENUM_CONVERSION = YES;
				CLANG_WARN_INFINITE_RECURSION = YES;
				CLANG_WARN_INT_CONVERSION = YES;
				CLANG_WARN_NON_LITERAL_NULL_CONVERSION = YES;
				CLANG_WARN_OBJC_IMPLICIT_RETAIN_SELF = YES;
				CLANG_WARN_OBJC_LITERAL_CONVERSION = YES;
				CLANG_WARN_OBJC_ROOT_CLASS = YES_ERROR;
				CLANG_WARN_QUOTED_INCLUDE_IN_FRAMEWORK_HEADER = YES;
				CLANG_WARN_RANGE_LOOP_ANALYSIS = YES;
				CLANG_WARN_STRICT_PROTOTYPES = YES;
				CLANG_WARN_SUSPICIOUS_MOVE = YES;
				CLANG_WARN_UNGUARDED_AVAILABILITY = YES_AGGRESSIVE;
				CLANG_WARN_UNREACHABLE_CODE = YES;
				CLANG_WARN__DUPLICATE_METHOD_MATCH = YES;
				COPY_PHASE_STRIP = NO;
				DEBUG_INFORMATION_FORMAT = "dwarf-with-dsym";
				ENABLE_NS_ASSERTIONS = NO;
				ENABLE_STRICT_OBJC_MSGSEND = YES;
				GCC_C_LANGUAGE_STANDARD = gnu11;
				GCC_NO_COMMON_BLOCKS = YES;
				GCC_WARN_64_TO_32_BIT_CONVERSION = YES;
				GCC_WARN_ABOUT_RETURN_TYPE = YES_ERROR;
				GCC_WARN_UNDECLARED_SELECTOR = YES;
				GCC_WARN_UNINITIALIZED_AUTOS = YES_AGGRESSIVE;
				GCC_WARN_UNUSED_FUNCTION = YES;
				GCC_WARN_UNUSED_VARIABLE = YES;
				IPHONEOS_DEPLOYMENT_TARGET = 16.2;
				MTL_ENABLE_DEBUG_INFO = NO;
				MTL_FAST_MATH = YES;
				SDKROOT = iphoneos;
				SWIFT_COMPILATION_MODE = wholemodule;
				SWIFT_OPTIMIZATION_LEVEL = "-O";
				VALIDATE_PRODUCT = YES;
			};
			name = Release;
		};
		E876E27B29B3AFE6007F559C /* Debug */ = {
			isa = XCBuildConfiguration;
			buildSettings = {
				ASSETCATALOG_COMPILER_APPICON_NAME = AppIcon;
				ASSETCATALOG_COMPILER_GLOBAL_ACCENT_COLOR_NAME = AccentColor;
				CODE_SIGN_STYLE = Automatic;
				CURRENT_PROJECT_VERSION = 1;
				DEVELOPMENT_TEAM = CZ38A4LPYY;
				GENERATE_INFOPLIST_FILE = YES;
				INFOPLIST_FILE = FlickrBrowser/Info.plist;
				INFOPLIST_KEY_UIApplicationSupportsIndirectInputEvents = YES;
				INFOPLIST_KEY_UILaunchStoryboardName = LaunchScreen;
				INFOPLIST_KEY_UIMainStoryboardFile = Main;
				INFOPLIST_KEY_UISupportedInterfaceOrientations_iPad = "UIInterfaceOrientationPortrait UIInterfaceOrientationPortraitUpsideDown UIInterfaceOrientationLandscapeLeft UIInterfaceOrientationLandscapeRight";
				INFOPLIST_KEY_UISupportedInterfaceOrientations_iPhone = "UIInterfaceOrientationPortrait UIInterfaceOrientationLandscapeLeft UIInterfaceOrientationLandscapeRight";
				LD_RUNPATH_SEARCH_PATHS = (
					"$(inherited)",
					"@executable_path/Frameworks",
				);
				MARKETING_VERSION = 1.0;
				PRODUCT_BUNDLE_IDENTIFIER = com.mrtv.FlickrBrowser;
				PRODUCT_NAME = "$(TARGET_NAME)";
				SWIFT_EMIT_LOC_STRINGS = YES;
				SWIFT_VERSION = 5.0;
				TARGETED_DEVICE_FAMILY = "1,2";
			};
			name = Debug;
		};
		E876E27C29B3AFE6007F559C /* Release */ = {
			isa = XCBuildConfiguration;
			buildSettings = {
				ASSETCATALOG_COMPILER_APPICON_NAME = AppIcon;
				ASSETCATALOG_COMPILER_GLOBAL_ACCENT_COLOR_NAME = AccentColor;
				CODE_SIGN_STYLE = Automatic;
				CURRENT_PROJECT_VERSION = 1;
				DEVELOPMENT_TEAM = CZ38A4LPYY;
				GENERATE_INFOPLIST_FILE = YES;
				INFOPLIST_FILE = FlickrBrowser/Info.plist;
				INFOPLIST_KEY_UIApplicationSupportsIndirectInputEvents = YES;
				INFOPLIST_KEY_UILaunchStoryboardName = LaunchScreen;
				INFOPLIST_KEY_UIMainStoryboardFile = Main;
				INFOPLIST_KEY_UISupportedInterfaceOrientations_iPad = "UIInterfaceOrientationPortrait UIInterfaceOrientationPortraitUpsideDown UIInterfaceOrientationLandscapeLeft UIInterfaceOrientationLandscapeRight";
				INFOPLIST_KEY_UISupportedInterfaceOrientations_iPhone = "UIInterfaceOrientationPortrait UIInterfaceOrientationLandscapeLeft UIInterfaceOrientationLandscapeRight";
				LD_RUNPATH_SEARCH_PATHS = (
					"$(inherited)",
					"@executable_path/Frameworks",
				);
				MARKETING_VERSION = 1.0;
				PRODUCT_BUNDLE_IDENTIFIER = com.mrtv.FlickrBrowser;
				PRODUCT_NAME = "$(TARGET_NAME)";
				SWIFT_EMIT_LOC_STRINGS = YES;
				SWIFT_VERSION = 5.0;
				TARGETED_DEVICE_FAMILY = "1,2";
			};
			name = Release;
		};
		E876E27E29B3AFE6007F559C /* Debug */ = {
			isa = XCBuildConfiguration;
			buildSettings = {
				ALWAYS_EMBED_SWIFT_STANDARD_LIBRARIES = YES;
				BUNDLE_LOADER = "$(TEST_HOST)";
				CODE_SIGN_STYLE = Automatic;
				CURRENT_PROJECT_VERSION = 1;
				DEVELOPMENT_TEAM = CZ38A4LPYY;
				GENERATE_INFOPLIST_FILE = YES;
				IPHONEOS_DEPLOYMENT_TARGET = 16.2;
				MARKETING_VERSION = 1.0;
				PRODUCT_BUNDLE_IDENTIFIER = com.mrtv.FlickrBrowserTests;
				PRODUCT_NAME = "$(TARGET_NAME)";
				SWIFT_EMIT_LOC_STRINGS = NO;
				SWIFT_VERSION = 5.0;
				TARGETED_DEVICE_FAMILY = "1,2";
				TEST_HOST = "$(BUILT_PRODUCTS_DIR)/FlickrBrowser.app/$(BUNDLE_EXECUTABLE_FOLDER_PATH)/FlickrBrowser";
			};
			name = Debug;
		};
		E876E27F29B3AFE6007F559C /* Release */ = {
			isa = XCBuildConfiguration;
			buildSettings = {
				ALWAYS_EMBED_SWIFT_STANDARD_LIBRARIES = YES;
				BUNDLE_LOADER = "$(TEST_HOST)";
				CODE_SIGN_STYLE = Automatic;
				CURRENT_PROJECT_VERSION = 1;
				DEVELOPMENT_TEAM = CZ38A4LPYY;
				GENERATE_INFOPLIST_FILE = YES;
				IPHONEOS_DEPLOYMENT_TARGET = 16.2;
				MARKETING_VERSION = 1.0;
				PRODUCT_BUNDLE_IDENTIFIER = com.mrtv.FlickrBrowserTests;
				PRODUCT_NAME = "$(TARGET_NAME)";
				SWIFT_EMIT_LOC_STRINGS = NO;
				SWIFT_VERSION = 5.0;
				TARGETED_DEVICE_FAMILY = "1,2";
				TEST_HOST = "$(BUILT_PRODUCTS_DIR)/FlickrBrowser.app/$(BUNDLE_EXECUTABLE_FOLDER_PATH)/FlickrBrowser";
			};
			name = Release;
		};
/* End XCBuildConfiguration section */

/* Begin XCConfigurationList section */
		E876E24B29B3AFE4007F559C /* Build configuration list for PBXProject "FlickrBrowser" */ = {
			isa = XCConfigurationList;
			buildConfigurations = (
				E876E27829B3AFE6007F559C /* Debug */,
				E876E27929B3AFE6007F559C /* Release */,
			);
			defaultConfigurationIsVisible = 0;
			defaultConfigurationName = Release;
		};
		E876E27A29B3AFE6007F559C /* Build configuration list for PBXNativeTarget "FlickrBrowser" */ = {
			isa = XCConfigurationList;
			buildConfigurations = (
				E876E27B29B3AFE6007F559C /* Debug */,
				E876E27C29B3AFE6007F559C /* Release */,
			);
			defaultConfigurationIsVisible = 0;
			defaultConfigurationName = Release;
		};
		E876E27D29B3AFE6007F559C /* Build configuration list for PBXNativeTarget "FlickrBrowserTests" */ = {
			isa = XCConfigurationList;
			buildConfigurations = (
				E876E27E29B3AFE6007F559C /* Debug */,
				E876E27F29B3AFE6007F559C /* Release */,
			);
			defaultConfigurationIsVisible = 0;
			defaultConfigurationName = Release;
		};
/* End XCConfigurationList section */
	};
	rootObject = E876E24829B3AFE4007F559C /* Project object */;
}
